
Microsoft Visual Studio Solution File, Format Version 12.00
# Visual Studio Version 17
VisualStudioVersion = 17.3.32611.2
MinimumVisualStudioVersion = 10.0.40219.1
Project("{2150E333-8FDC-42A3-9474-1A3956D46DE8}") = "src", "src", "{079F02E7-A0A5-4995-8572-0A69B92E7B83}"
EndProject
Project("{2150E333-8FDC-42A3-9474-1A3956D46DE8}") = "Building Blocks", "Building Blocks", "{DC3F2438-DA0F-49DA-BEA0-171085FB809C}"
EndProject
Project("{2150E333-8FDC-42A3-9474-1A3956D46DE8}") = "Services", "Services", "{02EE0144-227C-4F69-83EA-FF6B3A71B18E}"
EndProject
Project("{2150E333-8FDC-42A3-9474-1A3956D46DE8}") = "Web", "Web", "{A2E06071-53D5-416E-B210-5022FE8ED796}"
EndProject
Project("{2150E333-8FDC-42A3-9474-1A3956D46DE8}") = "Identidade", "Identidade", "{BBECE915-03B8-49F8-A3D9-84B10C85E273}"
EndProject
Project("{9A19103F-16F7-4668-BE54-9A1E7A4F7556}") = "NSE.Identidade.API", "src\services\NSE.Identidade.API\NSE.Identidade.API.csproj", "{2F36CE37-A532-4DE6-B883-B4ABA05A4E35}"
EndProject
Project("{2150E333-8FDC-42A3-9474-1A3956D46DE8}") = "MVC", "MVC", "{6B3BA638-D8E2-49C6-B7B0-CA6517AA42B1}"
EndProject
Project("{9A19103F-16F7-4668-BE54-9A1E7A4F7556}") = "NSE.WebApp.MVC", "src\web\NSE.WebApp.MVC\NSE.WebApp.MVC.csproj", "{CF60294E-7169-4F13-AEB2-10B5EE35CCB3}"
EndProject
Project("{2150E333-8FDC-42A3-9474-1A3956D46DE8}") = "Core", "Core", "{A6CAF84D-1AF9-4126-8797-D6F620549F37}"
EndProject
Project("{9A19103F-16F7-4668-BE54-9A1E7A4F7556}") = "NSE.Core", "src\building blocks\NSE.Core\NSE.Core.csproj", "{3964B815-2B2C-428F-91C7-5D60FAB6C6FB}"
EndProject
Project("{2150E333-8FDC-42A3-9474-1A3956D46DE8}") = "Carrinho", "Carrinho", "{7E9E72C0-7A4B-4912-BFA2-47FAD6E1F82B}"
EndProject
Project("{2150E333-8FDC-42A3-9474-1A3956D46DE8}") = "Catalogo", "Catalogo", "{67DC234F-56DC-4B42-8ED1-E1576F3EE6F8}"
EndProject
Project("{2150E333-8FDC-42A3-9474-1A3956D46DE8}") = "Clientes", "Clientes", "{51912D88-A375-4509-BB8D-5B10497FD163}"
EndProject
Project("{2150E333-8FDC-42A3-9474-1A3956D46DE8}") = "Pagamento", "Pagamento", "{CE4425BD-1261-442B-B6DD-35967B9CA954}"
EndProject
Project("{2150E333-8FDC-42A3-9474-1A3956D46DE8}") = "Pedido", "Pedido", "{096DD08C-1BA3-4280-9931-ADF59FB914C5}"
EndProject
Project("{9A19103F-16F7-4668-BE54-9A1E7A4F7556}") = "NSE.Carrinho.API", "src\services\NSE.Carrinho.API\NSE.Carrinho.API.csproj", "{4FDF48C6-A116-4DC1-B28F-B4E22118A4CB}"
EndProject
Project("{9A19103F-16F7-4668-BE54-9A1E7A4F7556}") = "NSE.Catalogo.API", "src\services\NSE.Catalogo.API\NSE.Catalogo.API.csproj", "{BF60CE0E-C7AC-48BF-99B8-C31714699F0D}"
EndProject
Project("{9A19103F-16F7-4668-BE54-9A1E7A4F7556}") = "NSE.Clientes.API", "src\services\NSE.Cliente.API\NSE.Clientes.API.csproj", "{62B6E6EF-8ADD-40B5-9DAE-F3190791109F}"
EndProject
Project("{9A19103F-16F7-4668-BE54-9A1E7A4F7556}") = "NSE.Pagamento.API", "src\services\NSE.Pagamento.API\NSE.Pagamento.API.csproj", "{CC1C522A-2C56-4B2E-AFAC-35F16846EEF2}"
EndProject
Project("{9A19103F-16F7-4668-BE54-9A1E7A4F7556}") = "NSE.Pedidos.API", "src\services\NSE.Pedido.API\NSE.Pedidos.API.csproj", "{2F16EC26-1757-4BDE-9C8D-85E36AF9393E}"
EndProject
Project("{2150E333-8FDC-42A3-9474-1A3956D46DE8}") = "Services", "Services", "{7E40D37E-1802-4A78-8F36-6ABE17A070E3}"
EndProject
Project("{9A19103F-16F7-4668-BE54-9A1E7A4F7556}") = "NSE.WebApi.Core", "src\building blocks\NSE.WebApi.Core\NSE.WebApi.Core.csproj", "{AB6AD3DC-62B7-4FAA-928A-2B9377E1F17F}"
EndProject
Project("{2150E333-8FDC-42A3-9474-1A3956D46DE8}") = "MessageBus", "MessageBus", "{2E104693-803B-4096-94A6-A9EC0DC60DD5}"
EndProject
Project("{9A19103F-16F7-4668-BE54-9A1E7A4F7556}") = "NSE.MessageBus", "src\building blocks\NSE.MessageBus\NSE.MessageBus.csproj", "{EB1164EA-8F7D-40D8-B391-3EBCF52BAA33}"
EndProject
Project("{2150E333-8FDC-42A3-9474-1A3956D46DE8}") = "ApiGateways", "ApiGateways", "{3BAD2362-AAA2-4475-8413-BBB52B30B5EC}"
EndProject
Project("{2150E333-8FDC-42A3-9474-1A3956D46DE8}") = "Compras", "Compras", "{AF6DF9F6-BE79-42D2-8651-B54CE814F872}"
EndProject
Project("{9A19103F-16F7-4668-BE54-9A1E7A4F7556}") = "NSE.Bff.Compras", "src\api.gateways\NSE.Bff.Compras\NSE.Bff.Compras.csproj", "{AE9CEB22-4E90-4ED6-A33E-26B28E7D03CD}"
EndProject
Project("{9A19103F-16F7-4668-BE54-9A1E7A4F7556}") = "NSE.Pedidos.Domain", "src\services\NSE.Pedidos.Domain\NSE.Pedidos.Domain.csproj", "{4D382C60-396B-4445-9F49-B802BF020F0B}"
EndProject
Project("{9A19103F-16F7-4668-BE54-9A1E7A4F7556}") = "NSE.Pedidos.Infra", "src\services\NSE.Pedidos.Infra\NSE.Pedidos.Infra.csproj", "{4DCDDFE2-C630-4D9B-A8BA-854639BF292B}"
EndProject
Global
	GlobalSection(SolutionConfigurationPlatforms) = preSolution
		Debug|Any CPU = Debug|Any CPU
		Release|Any CPU = Release|Any CPU
	EndGlobalSection
	GlobalSection(ProjectConfigurationPlatforms) = postSolution
		{2F36CE37-A532-4DE6-B883-B4ABA05A4E35}.Debug|Any CPU.ActiveCfg = Debug|Any CPU
		{2F36CE37-A532-4DE6-B883-B4ABA05A4E35}.Debug|Any CPU.Build.0 = Debug|Any CPU
		{2F36CE37-A532-4DE6-B883-B4ABA05A4E35}.Release|Any CPU.ActiveCfg = Release|Any CPU
		{2F36CE37-A532-4DE6-B883-B4ABA05A4E35}.Release|Any CPU.Build.0 = Release|Any CPU
		{CF60294E-7169-4F13-AEB2-10B5EE35CCB3}.Debug|Any CPU.ActiveCfg = Debug|Any CPU
		{CF60294E-7169-4F13-AEB2-10B5EE35CCB3}.Debug|Any CPU.Build.0 = Debug|Any CPU
		{CF60294E-7169-4F13-AEB2-10B5EE35CCB3}.Release|Any CPU.ActiveCfg = Release|Any CPU
		{CF60294E-7169-4F13-AEB2-10B5EE35CCB3}.Release|Any CPU.Build.0 = Release|Any CPU
		{3964B815-2B2C-428F-91C7-5D60FAB6C6FB}.Debug|Any CPU.ActiveCfg = Debug|Any CPU
		{3964B815-2B2C-428F-91C7-5D60FAB6C6FB}.Debug|Any CPU.Build.0 = Debug|Any CPU
		{3964B815-2B2C-428F-91C7-5D60FAB6C6FB}.Release|Any CPU.ActiveCfg = Release|Any CPU
		{3964B815-2B2C-428F-91C7-5D60FAB6C6FB}.Release|Any CPU.Build.0 = Release|Any CPU
		{4FDF48C6-A116-4DC1-B28F-B4E22118A4CB}.Debug|Any CPU.ActiveCfg = Debug|Any CPU
		{4FDF48C6-A116-4DC1-B28F-B4E22118A4CB}.Debug|Any CPU.Build.0 = Debug|Any CPU
		{4FDF48C6-A116-4DC1-B28F-B4E22118A4CB}.Release|Any CPU.ActiveCfg = Release|Any CPU
		{4FDF48C6-A116-4DC1-B28F-B4E22118A4CB}.Release|Any CPU.Build.0 = Release|Any CPU
		{BF60CE0E-C7AC-48BF-99B8-C31714699F0D}.Debug|Any CPU.ActiveCfg = Debug|Any CPU
		{BF60CE0E-C7AC-48BF-99B8-C31714699F0D}.Debug|Any CPU.Build.0 = Debug|Any CPU
		{BF60CE0E-C7AC-48BF-99B8-C31714699F0D}.Release|Any CPU.ActiveCfg = Release|Any CPU
		{BF60CE0E-C7AC-48BF-99B8-C31714699F0D}.Release|Any CPU.Build.0 = Release|Any CPU
		{62B6E6EF-8ADD-40B5-9DAE-F3190791109F}.Debug|Any CPU.ActiveCfg = Debug|Any CPU
		{62B6E6EF-8ADD-40B5-9DAE-F3190791109F}.Debug|Any CPU.Build.0 = Debug|Any CPU
		{62B6E6EF-8ADD-40B5-9DAE-F3190791109F}.Release|Any CPU.ActiveCfg = Release|Any CPU
		{62B6E6EF-8ADD-40B5-9DAE-F3190791109F}.Release|Any CPU.Build.0 = Release|Any CPU
		{CC1C522A-2C56-4B2E-AFAC-35F16846EEF2}.Debug|Any CPU.ActiveCfg = Debug|Any CPU
		{CC1C522A-2C56-4B2E-AFAC-35F16846EEF2}.Debug|Any CPU.Build.0 = Debug|Any CPU
		{CC1C522A-2C56-4B2E-AFAC-35F16846EEF2}.Release|Any CPU.ActiveCfg = Release|Any CPU
		{CC1C522A-2C56-4B2E-AFAC-35F16846EEF2}.Release|Any CPU.Build.0 = Release|Any CPU
		{2F16EC26-1757-4BDE-9C8D-85E36AF9393E}.Debug|Any CPU.ActiveCfg = Debug|Any CPU
		{2F16EC26-1757-4BDE-9C8D-85E36AF9393E}.Debug|Any CPU.Build.0 = Debug|Any CPU
		{2F16EC26-1757-4BDE-9C8D-85E36AF9393E}.Release|Any CPU.ActiveCfg = Release|Any CPU
		{2F16EC26-1757-4BDE-9C8D-85E36AF9393E}.Release|Any CPU.Build.0 = Release|Any CPU
		{AB6AD3DC-62B7-4FAA-928A-2B9377E1F17F}.Debug|Any CPU.ActiveCfg = Debug|Any CPU
		{AB6AD3DC-62B7-4FAA-928A-2B9377E1F17F}.Debug|Any CPU.Build.0 = Debug|Any CPU
		{AB6AD3DC-62B7-4FAA-928A-2B9377E1F17F}.Release|Any CPU.ActiveCfg = Release|Any CPU
		{AB6AD3DC-62B7-4FAA-928A-2B9377E1F17F}.Release|Any CPU.Build.0 = Release|Any CPU
		{EB1164EA-8F7D-40D8-B391-3EBCF52BAA33}.Debug|Any CPU.ActiveCfg = Debug|Any CPU
		{EB1164EA-8F7D-40D8-B391-3EBCF52BAA33}.Debug|Any CPU.Build.0 = Debug|Any CPU
		{EB1164EA-8F7D-40D8-B391-3EBCF52BAA33}.Release|Any CPU.ActiveCfg = Release|Any CPU
		{EB1164EA-8F7D-40D8-B391-3EBCF52BAA33}.Release|Any CPU.Build.0 = Release|Any CPU
		{AE9CEB22-4E90-4ED6-A33E-26B28E7D03CD}.Debug|Any CPU.ActiveCfg = Debug|Any CPU
		{AE9CEB22-4E90-4ED6-A33E-26B28E7D03CD}.Debug|Any CPU.Build.0 = Debug|Any CPU
		{AE9CEB22-4E90-4ED6-A33E-26B28E7D03CD}.Release|Any CPU.ActiveCfg = Release|Any CPU
		{AE9CEB22-4E90-4ED6-A33E-26B28E7D03CD}.Release|Any CPU.Build.0 = Release|Any CPU
		{4D382C60-396B-4445-9F49-B802BF020F0B}.Debug|Any CPU.ActiveCfg = Debug|Any CPU
		{4D382C60-396B-4445-9F49-B802BF020F0B}.Debug|Any CPU.Build.0 = Debug|Any CPU
		{4D382C60-396B-4445-9F49-B802BF020F0B}.Release|Any CPU.ActiveCfg = Release|Any CPU
		{4D382C60-396B-4445-9F49-B802BF020F0B}.Release|Any CPU.Build.0 = Release|Any CPU
		{4DCDDFE2-C630-4D9B-A8BA-854639BF292B}.Debug|Any CPU.ActiveCfg = Debug|Any CPU
		{4DCDDFE2-C630-4D9B-A8BA-854639BF292B}.Debug|Any CPU.Build.0 = Debug|Any CPU
		{4DCDDFE2-C630-4D9B-A8BA-854639BF292B}.Release|Any CPU.ActiveCfg = Release|Any CPU
		{4DCDDFE2-C630-4D9B-A8BA-854639BF292B}.Release|Any CPU.Build.0 = Release|Any CPU
	EndGlobalSection
	GlobalSection(SolutionProperties) = preSolution
		HideSolutionNode = FALSE
	EndGlobalSection
	GlobalSection(NestedProjects) = preSolution
		{DC3F2438-DA0F-49DA-BEA0-171085FB809C} = {079F02E7-A0A5-4995-8572-0A69B92E7B83}
		{02EE0144-227C-4F69-83EA-FF6B3A71B18E} = {079F02E7-A0A5-4995-8572-0A69B92E7B83}
		{A2E06071-53D5-416E-B210-5022FE8ED796} = {079F02E7-A0A5-4995-8572-0A69B92E7B83}
		{BBECE915-03B8-49F8-A3D9-84B10C85E273} = {02EE0144-227C-4F69-83EA-FF6B3A71B18E}
		{2F36CE37-A532-4DE6-B883-B4ABA05A4E35} = {BBECE915-03B8-49F8-A3D9-84B10C85E273}
		{6B3BA638-D8E2-49C6-B7B0-CA6517AA42B1} = {A2E06071-53D5-416E-B210-5022FE8ED796}
		{CF60294E-7169-4F13-AEB2-10B5EE35CCB3} = {6B3BA638-D8E2-49C6-B7B0-CA6517AA42B1}
		{A6CAF84D-1AF9-4126-8797-D6F620549F37} = {DC3F2438-DA0F-49DA-BEA0-171085FB809C}
		{3964B815-2B2C-428F-91C7-5D60FAB6C6FB} = {A6CAF84D-1AF9-4126-8797-D6F620549F37}
		{7E9E72C0-7A4B-4912-BFA2-47FAD6E1F82B} = {02EE0144-227C-4F69-83EA-FF6B3A71B18E}
		{67DC234F-56DC-4B42-8ED1-E1576F3EE6F8} = {02EE0144-227C-4F69-83EA-FF6B3A71B18E}
		{51912D88-A375-4509-BB8D-5B10497FD163} = {02EE0144-227C-4F69-83EA-FF6B3A71B18E}
		{CE4425BD-1261-442B-B6DD-35967B9CA954} = {02EE0144-227C-4F69-83EA-FF6B3A71B18E}
		{096DD08C-1BA3-4280-9931-ADF59FB914C5} = {02EE0144-227C-4F69-83EA-FF6B3A71B18E}
		{4FDF48C6-A116-4DC1-B28F-B4E22118A4CB} = {7E9E72C0-7A4B-4912-BFA2-47FAD6E1F82B}
		{BF60CE0E-C7AC-48BF-99B8-C31714699F0D} = {67DC234F-56DC-4B42-8ED1-E1576F3EE6F8}
		{62B6E6EF-8ADD-40B5-9DAE-F3190791109F} = {51912D88-A375-4509-BB8D-5B10497FD163}
		{CC1C522A-2C56-4B2E-AFAC-35F16846EEF2} = {CE4425BD-1261-442B-B6DD-35967B9CA954}
		{2F16EC26-1757-4BDE-9C8D-85E36AF9393E} = {096DD08C-1BA3-4280-9931-ADF59FB914C5}
		{7E40D37E-1802-4A78-8F36-6ABE17A070E3} = {DC3F2438-DA0F-49DA-BEA0-171085FB809C}
		{AB6AD3DC-62B7-4FAA-928A-2B9377E1F17F} = {7E40D37E-1802-4A78-8F36-6ABE17A070E3}
		{2E104693-803B-4096-94A6-A9EC0DC60DD5} = {DC3F2438-DA0F-49DA-BEA0-171085FB809C}
		{EB1164EA-8F7D-40D8-B391-3EBCF52BAA33} = {2E104693-803B-4096-94A6-A9EC0DC60DD5}
		{3BAD2362-AAA2-4475-8413-BBB52B30B5EC} = {079F02E7-A0A5-4995-8572-0A69B92E7B83}
		{AF6DF9F6-BE79-42D2-8651-B54CE814F872} = {3BAD2362-AAA2-4475-8413-BBB52B30B5EC}
		{AE9CEB22-4E90-4ED6-A33E-26B28E7D03CD} = {AF6DF9F6-BE79-42D2-8651-B54CE814F872}
		{4D382C60-396B-4445-9F49-B802BF020F0B} = {096DD08C-1BA3-4280-9931-ADF59FB914C5}
		{4DCDDFE2-C630-4D9B-A8BA-854639BF292B} = {096DD08C-1BA3-4280-9931-ADF59FB914C5}
	EndGlobalSection
	GlobalSection(ExtensibilityGlobals) = postSolution
		SolutionGuid = {B9A0DCCC-EA73-41BC-B033-85D4C5DD6F67}
	EndGlobalSection
EndGlobal
